// !$*UTF8*$!
{
	archiveVersion = 1;
	classes = {
	};
	objectVersion = 46;
	objects = {

/* Begin PBXBuildFile section */
		BD88C60C1DA3AA8E00D2B7C4 /* AppDelegate.swift in Sources */ = {isa = PBXBuildFile; fileRef = BD88C60B1DA3AA8E00D2B7C4 /* AppDelegate.swift */; };
		BD88C6111DA3AA8E00D2B7C4 /* Main.storyboard in Resources */ = {isa = PBXBuildFile; fileRef = BD88C60F1DA3AA8E00D2B7C4 /* Main.storyboard */; };
		BD88C6131DA3AA8E00D2B7C4 /* Assets.xcassets in Resources */ = {isa = PBXBuildFile; fileRef = BD88C6121DA3AA8E00D2B7C4 /* Assets.xcassets */; };
		BD88C6161DA3AA8E00D2B7C4 /* LaunchScreen.storyboard in Resources */ = {isa = PBXBuildFile; fileRef = BD88C6141DA3AA8E00D2B7C4 /* LaunchScreen.storyboard */; };
		BD88C6211DA3AA8E00D2B7C4 /* iOS_Swift_MVVMTests.swift in Sources */ = {isa = PBXBuildFile; fileRef = BD88C6201DA3AA8E00D2B7C4 /* iOS_Swift_MVVMTests.swift */; };
		BD88C62C1DA3AA8E00D2B7C4 /* iOS_Swift_MVVMUITests.swift in Sources */ = {isa = PBXBuildFile; fileRef = BD88C62B1DA3AA8E00D2B7C4 /* iOS_Swift_MVVMUITests.swift */; };
		BD88C6421DA3AB0200D2B7C4 /* GreetingView.swift in Sources */ = {isa = PBXBuildFile; fileRef = BD88C63F1DA3AB0200D2B7C4 /* GreetingView.swift */; };
		BD88C6431DA3AB0200D2B7C4 /* GreetingView.xib in Resources */ = {isa = PBXBuildFile; fileRef = BD88C6401DA3AB0200D2B7C4 /* GreetingView.xib */; };
		BD88C6441DA3AB0200D2B7C4 /* GreetingViewController.swift in Sources */ = {isa = PBXBuildFile; fileRef = BD88C6411DA3AB0200D2B7C4 /* GreetingViewController.swift */; };
		BD88C6461DA3AB0700D2B7C4 /* GreetingViewModel.swift in Sources */ = {isa = PBXBuildFile; fileRef = BD88C6451DA3AB0700D2B7C4 /* GreetingViewModel.swift */; };
		BD88C6491DA3AB0B00D2B7C4 /* MVVM.png in Resources */ = {isa = PBXBuildFile; fileRef = BD88C6471DA3AB0B00D2B7C4 /* MVVM.png */; };
		BD88C64A1DA3AB0B00D2B7C4 /* MVVM.plist in Resources */ = {isa = PBXBuildFile; fileRef = BD88C6481DA3AB0B00D2B7C4 /* MVVM.plist */; };
		BD88C64C1DA3AB1000D2B7C4 /* Person.swift in Sources */ = {isa = PBXBuildFile; fileRef = BD88C64B1DA3AB1000D2B7C4 /* Person.swift */; };
		BD88C64F1DA3AB2300D2B7C4 /* UIView+Init.swift in Sources */ = {isa = PBXBuildFile; fileRef = BD88C64E1DA3AB2300D2B7C4 /* UIView+Init.swift */; };
/* End PBXBuildFile section */

/* Begin PBXContainerItemProxy section */
		BD88C61D1DA3AA8E00D2B7C4 /* PBXContainerItemProxy */ = {
			isa = PBXContainerItemProxy;
			containerPortal = BD88C6001DA3AA8E00D2B7C4 /* Project object */;
			proxyType = 1;
			remoteGlobalIDString = BD88C6071DA3AA8E00D2B7C4;
			remoteInfo = "iOS-Swift-MVVM";
		};
		BD88C6281DA3AA8E00D2B7C4 /* PBXContainerItemProxy */ = {
			isa = PBXContainerItemProxy;
			containerPortal = BD88C6001DA3AA8E00D2B7C4 /* Project object */;
			proxyType = 1;
			remoteGlobalIDString = BD88C6071DA3AA8E00D2B7C4;
			remoteInfo = "iOS-Swift-MVVM";
		};
/* End PBXContainerItemProxy section */

/* Begin PBXFileReference section */
		BD88C6081DA3AA8E00D2B7C4 /* iOS-Swift-MVVM.app */ = {isa = PBXFileReference; explicitFileType = wrapper.application; includeInIndex = 0; path = "iOS-Swift-MVVM.app"; sourceTree = BUILT_PRODUCTS_DIR; };
		BD88C60B1DA3AA8E00D2B7C4 /* AppDelegate.swift */ = {isa = PBXFileReference; lastKnownFileType = sourcecode.swift; path = AppDelegate.swift; sourceTree = "<group>"; };
		BD88C6101DA3AA8E00D2B7C4 /* Base */ = {isa = PBXFileReference; lastKnownFileType = file.storyboard; name = Base; path = Base.lproj/Main.storyboard; sourceTree = "<group>"; };
		BD88C6121DA3AA8E00D2B7C4 /* Assets.xcassets */ = {isa = PBXFileReference; lastKnownFileType = folder.assetcatalog; path = Assets.xcassets; sourceTree = "<group>"; };
		BD88C6151DA3AA8E00D2B7C4 /* Base */ = {isa = PBXFileReference; lastKnownFileType = file.storyboard; name = Base; path = Base.lproj/LaunchScreen.storyboard; sourceTree = "<group>"; };
		BD88C6171DA3AA8E00D2B7C4 /* Info.plist */ = {isa = PBXFileReference; lastKnownFileType = text.plist.xml; path = Info.plist; sourceTree = "<group>"; };
		BD88C61C1DA3AA8E00D2B7C4 /* iOS-Swift-MVVMTests.xctest */ = {isa = PBXFileReference; explicitFileType = wrapper.cfbundle; includeInIndex = 0; path = "iOS-Swift-MVVMTests.xctest"; sourceTree = BUILT_PRODUCTS_DIR; };
		BD88C6201DA3AA8E00D2B7C4 /* iOS_Swift_MVVMTests.swift */ = {isa = PBXFileReference; lastKnownFileType = sourcecode.swift; path = iOS_Swift_MVVMTests.swift; sourceTree = "<group>"; };
		BD88C6221DA3AA8E00D2B7C4 /* Info.plist */ = {isa = PBXFileReference; lastKnownFileType = text.plist.xml; path = Info.plist; sourceTree = "<group>"; };
		BD88C6271DA3AA8E00D2B7C4 /* iOS-Swift-MVVMUITests.xctest */ = {isa = PBXFileReference; explicitFileType = wrapper.cfbundle; includeInIndex = 0; path = "iOS-Swift-MVVMUITests.xctest"; sourceTree = BUILT_PRODUCTS_DIR; };
		BD88C62B1DA3AA8E00D2B7C4 /* iOS_Swift_MVVMUITests.swift */ = {isa = PBXFileReference; lastKnownFileType = sourcecode.swift; path = iOS_Swift_MVVMUITests.swift; sourceTree = "<group>"; };
		BD88C62D1DA3AA8E00D2B7C4 /* Info.plist */ = {isa = PBXFileReference; lastKnownFileType = text.plist.xml; path = Info.plist; sourceTree = "<group>"; };
		BD88C63F1DA3AB0200D2B7C4 /* GreetingView.swift */ = {isa = PBXFileReference; fileEncoding = 4; lastKnownFileType = sourcecode.swift; path = GreetingView.swift; sourceTree = "<group>"; };
		BD88C6401DA3AB0200D2B7C4 /* GreetingView.xib */ = {isa = PBXFileReference; fileEncoding = 4; lastKnownFileType = file.xib; path = GreetingView.xib; sourceTree = "<group>"; };
		BD88C6411DA3AB0200D2B7C4 /* GreetingViewController.swift */ = {isa = PBXFileReference; fileEncoding = 4; lastKnownFileType = sourcecode.swift; path = GreetingViewController.swift; sourceTree = "<group>"; };
		BD88C6451DA3AB0700D2B7C4 /* GreetingViewModel.swift */ = {isa = PBXFileReference; fileEncoding = 4; lastKnownFileType = sourcecode.swift; path = GreetingViewModel.swift; sourceTree = "<group>"; };
		BD88C6471DA3AB0B00D2B7C4 /* MVVM.png */ = {isa = PBXFileReference; lastKnownFileType = image.png; path = MVVM.png; sourceTree = "<group>"; };
		BD88C6481DA3AB0B00D2B7C4 /* MVVM.plist */ = {isa = PBXFileReference; fileEncoding = 4; lastKnownFileType = text.plist.xml; path = MVVM.plist; sourceTree = "<group>"; };
		BD88C64B1DA3AB1000D2B7C4 /* Person.swift */ = {isa = PBXFileReference; fileEncoding = 4; lastKnownFileType = sourcecode.swift; path = Person.swift; sourceTree = "<group>"; };
		BD88C64E1DA3AB2300D2B7C4 /* UIView+Init.swift */ = {isa = PBXFileReference; fileEncoding = 4; lastKnownFileType = sourcecode.swift; path = "UIView+Init.swift"; sourceTree = "<group>"; };
/* End PBXFileReference section */

/* Begin PBXFrameworksBuildPhase section */
		BD88C6051DA3AA8E00D2B7C4 /* Frameworks */ = {
			isa = PBXFrameworksBuildPhase;
			buildActionMask = 2147483647;
			files = (
			);
			runOnlyForDeploymentPostprocessing = 0;
		};
		BD88C6191DA3AA8E00D2B7C4 /* Frameworks */ = {
			isa = PBXFrameworksBuildPhase;
			buildActionMask = 2147483647;
			files = (
			);
			runOnlyForDeploymentPostprocessing = 0;
		};
		BD88C6241DA3AA8E00D2B7C4 /* Frameworks */ = {
			isa = PBXFrameworksBuildPhase;
			buildActionMask = 2147483647;
			files = (
			);
			runOnlyForDeploymentPostprocessing = 0;
		};
/* End PBXFrameworksBuildPhase section */

/* Begin PBXGroup section */
		BD88C5FF1DA3AA8E00D2B7C4 = {
			isa = PBXGroup;
			children = (
				BD88C60A1DA3AA8E00D2B7C4 /* iOS-Swift-MVVM */,
				BD88C61F1DA3AA8E00D2B7C4 /* iOS-Swift-MVVMTests */,
				BD88C62A1DA3AA8E00D2B7C4 /* iOS-Swift-MVVMUITests */,
				BD88C6091DA3AA8E00D2B7C4 /* Products */,
			);
			sourceTree = "<group>";
		};
		BD88C6091DA3AA8E00D2B7C4 /* Products */ = {
			isa = PBXGroup;
			children = (
				BD88C6081DA3AA8E00D2B7C4 /* iOS-Swift-MVVM.app */,
				BD88C61C1DA3AA8E00D2B7C4 /* iOS-Swift-MVVMTests.xctest */,
				BD88C6271DA3AA8E00D2B7C4 /* iOS-Swift-MVVMUITests.xctest */,
			);
			name = Products;
			sourceTree = "<group>";
		};
		BD88C60A1DA3AA8E00D2B7C4 /* iOS-Swift-MVVM */ = {
			isa = PBXGroup;
			children = (
				BD88C60B1DA3AA8E00D2B7C4 /* AppDelegate.swift */,
				BD88C6121DA3AA8E00D2B7C4 /* Assets.xcassets */,
				BD88C6171DA3AA8E00D2B7C4 /* Info.plist */,
				BD88C6141DA3AA8E00D2B7C4 /* LaunchScreen.storyboard */,
				BD88C60F1DA3AA8E00D2B7C4 /* Main.storyboard */,
				BD88C63A1DA3AADE00D2B7C4 /* Core */,
				BD88C64D1DA3AB1900D2B7C4 /* Extension */,
			);
			path = "iOS-Swift-MVVM";
			sourceTree = "<group>";
		};
		BD88C61F1DA3AA8E00D2B7C4 /* iOS-Swift-MVVMTests */ = {
			isa = PBXGroup;
			children = (
				BD88C6201DA3AA8E00D2B7C4 /* iOS_Swift_MVVMTests.swift */,
				BD88C6221DA3AA8E00D2B7C4 /* Info.plist */,
			);
			path = "iOS-Swift-MVVMTests";
			sourceTree = "<group>";
		};
		BD88C62A1DA3AA8E00D2B7C4 /* iOS-Swift-MVVMUITests */ = {
			isa = PBXGroup;
			children = (
				BD88C62B1DA3AA8E00D2B7C4 /* iOS_Swift_MVVMUITests.swift */,
				BD88C62D1DA3AA8E00D2B7C4 /* Info.plist */,
			);
			path = "iOS-Swift-MVVMUITests";
			sourceTree = "<group>";
		};
		BD88C63A1DA3AADE00D2B7C4 /* Core */ = {
			isa = PBXGroup;
			children = (
				BD88C6471DA3AB0B00D2B7C4 /* MVVM.png */,
				BD88C6481DA3AB0B00D2B7C4 /* MVVM.plist */,
				BD88C63E1DA3AAF600D2B7C4 /* API */,
				BD88C63C1DA3AAEA00D2B7C4 /* Model */,
				BD88C63B1DA3AAE300D2B7C4 /* View */,
				BD88C63D1DA3AAEE00D2B7C4 /* ViewModel */,
			);
			name = Core;
			sourceTree = "<group>";
		};
		BD88C63B1DA3AAE300D2B7C4 /* View */ = {
			isa = PBXGroup;
			children = (
				BD88C63F1DA3AB0200D2B7C4 /* GreetingView.swift */,
				BD88C6401DA3AB0200D2B7C4 /* GreetingView.xib */,
				BD88C6411DA3AB0200D2B7C4 /* GreetingViewController.swift */,
			);
			name = View;
			sourceTree = "<group>";
		};
		BD88C63C1DA3AAEA00D2B7C4 /* Model */ = {
			isa = PBXGroup;
			children = (
				BD88C64B1DA3AB1000D2B7C4 /* Person.swift */,
			);
			name = Model;
			sourceTree = "<group>";
		};
		BD88C63D1DA3AAEE00D2B7C4 /* ViewModel */ = {
			isa = PBXGroup;
			children = (
				BD88C6451DA3AB0700D2B7C4 /* GreetingViewModel.swift */,
			);
			name = ViewModel;
			sourceTree = "<group>";
		};
		BD88C63E1DA3AAF600D2B7C4 /* API */ = {
			isa = PBXGroup;
			children = (
			);
			name = API;
			sourceTree = "<group>";
		};
		BD88C64D1DA3AB1900D2B7C4 /* Extension */ = {
			isa = PBXGroup;
			children = (
				BD88C64E1DA3AB2300D2B7C4 /* UIView+Init.swift */,
			);
			name = Extension;
			sourceTree = "<group>";
		};
/* End PBXGroup section */

/* Begin PBXNativeTarget section */
		BD88C6071DA3AA8E00D2B7C4 /* iOS-Swift-MVVM */ = {
			isa = PBXNativeTarget;
			buildConfigurationList = BD88C6301DA3AA8E00D2B7C4 /* Build configuration list for PBXNativeTarget "iOS-Swift-MVVM" */;
			buildPhases = (
				BD88C6041DA3AA8E00D2B7C4 /* Sources */,
				BD88C6051DA3AA8E00D2B7C4 /* Frameworks */,
				BD88C6061DA3AA8E00D2B7C4 /* Resources */,
			);
			buildRules = (
			);
			dependencies = (
			);
			name = "iOS-Swift-MVVM";
			productName = "iOS-Swift-MVVM";
			productReference = BD88C6081DA3AA8E00D2B7C4 /* iOS-Swift-MVVM.app */;
			productType = "com.apple.product-type.application";
		};
		BD88C61B1DA3AA8E00D2B7C4 /* iOS-Swift-MVVMTests */ = {
			isa = PBXNativeTarget;
			buildConfigurationList = BD88C6331DA3AA8E00D2B7C4 /* Build configuration list for PBXNativeTarget "iOS-Swift-MVVMTests" */;
			buildPhases = (
				BD88C6181DA3AA8E00D2B7C4 /* Sources */,
				BD88C6191DA3AA8E00D2B7C4 /* Frameworks */,
				BD88C61A1DA3AA8E00D2B7C4 /* Resources */,
			);
			buildRules = (
			);
			dependencies = (
				BD88C61E1DA3AA8E00D2B7C4 /* PBXTargetDependency */,
			);
			name = "iOS-Swift-MVVMTests";
			productName = "iOS-Swift-MVVMTests";
			productReference = BD88C61C1DA3AA8E00D2B7C4 /* iOS-Swift-MVVMTests.xctest */;
			productType = "com.apple.product-type.bundle.unit-test";
		};
		BD88C6261DA3AA8E00D2B7C4 /* iOS-Swift-MVVMUITests */ = {
			isa = PBXNativeTarget;
			buildConfigurationList = BD88C6361DA3AA8E00D2B7C4 /* Build configuration list for PBXNativeTarget "iOS-Swift-MVVMUITests" */;
			buildPhases = (
				BD88C6231DA3AA8E00D2B7C4 /* Sources */,
				BD88C6241DA3AA8E00D2B7C4 /* Frameworks */,
				BD88C6251DA3AA8E00D2B7C4 /* Resources */,
			);
			buildRules = (
			);
			dependencies = (
				BD88C6291DA3AA8E00D2B7C4 /* PBXTargetDependency */,
			);
			name = "iOS-Swift-MVVMUITests";
			productName = "iOS-Swift-MVVMUITests";
			productReference = BD88C6271DA3AA8E00D2B7C4 /* iOS-Swift-MVVMUITests.xctest */;
			productType = "com.apple.product-type.bundle.ui-testing";
		};
/* End PBXNativeTarget section */

/* Begin PBXProject section */
		BD88C6001DA3AA8E00D2B7C4 /* Project object */ = {
			isa = PBXProject;
			attributes = {
				LastSwiftUpdateCheck = 0800;
				LastUpgradeCheck = 0800;
				ORGANIZATIONNAME = LibleNiel;
				TargetAttributes = {
					BD88C6071DA3AA8E00D2B7C4 = {
						CreatedOnToolsVersion = 8.0;
						DevelopmentTeam = 596UPQG9TU;
						ProvisioningStyle = Automatic;
					};
					BD88C61B1DA3AA8E00D2B7C4 = {
						CreatedOnToolsVersion = 8.0;
						DevelopmentTeam = 596UPQG9TU;
						ProvisioningStyle = Automatic;
						TestTargetID = BD88C6071DA3AA8E00D2B7C4;
					};
					BD88C6261DA3AA8E00D2B7C4 = {
						CreatedOnToolsVersion = 8.0;
						DevelopmentTeam = 596UPQG9TU;
						ProvisioningStyle = Automatic;
						TestTargetID = BD88C6071DA3AA8E00D2B7C4;
					};
				};
			};
			buildConfigurationList = BD88C6031DA3AA8E00D2B7C4 /* Build configuration list for PBXProject "iOS-Swift-MVVM" */;
			compatibilityVersion = "Xcode 3.2";
			developmentRegion = English;
			hasScannedForEncodings = 0;
			knownRegions = (
				en,
				Base,
			);
			mainGroup = BD88C5FF1DA3AA8E00D2B7C4;
			productRefGroup = BD88C6091DA3AA8E00D2B7C4 /* Products */;
			projectDirPath = "";
			projectRoot = "";
			targets = (
				BD88C6071DA3AA8E00D2B7C4 /* iOS-Swift-MVVM */,
				BD88C61B1DA3AA8E00D2B7C4 /* iOS-Swift-MVVMTests */,
				BD88C6261DA3AA8E00D2B7C4 /* iOS-Swift-MVVMUITests */,
			);
		};
/* End PBXProject section */

/* Begin PBXResourcesBuildPhase section */
		BD88C6061DA3AA8E00D2B7C4 /* Resources */ = {
			isa = PBXResourcesBuildPhase;
			buildActionMask = 2147483647;
			files = (
				BD88C64A1DA3AB0B00D2B7C4 /* MVVM.plist in Resources */,
				BD88C6161DA3AA8E00D2B7C4 /* LaunchScreen.storyboard in Resources */,
				BD88C6431DA3AB0200D2B7C4 /* GreetingView.xib in Resources */,
				BD88C6491DA3AB0B00D2B7C4 /* MVVM.png in Resources */,
				BD88C6131DA3AA8E00D2B7C4 /* Assets.xcassets in Resources */,
				BD88C6111DA3AA8E00D2B7C4 /* Main.storyboard in Resources */,
			);
			runOnlyForDeploymentPostprocessing = 0;
		};
		BD88C61A1DA3AA8E00D2B7C4 /* Resources */ = {
			isa = PBXResourcesBuildPhase;
			buildActionMask = 2147483647;
			files = (
			);
			runOnlyForDeploymentPostprocessing = 0;
		};
		BD88C6251DA3AA8E00D2B7C4 /* Resources */ = {
			isa = PBXResourcesBuildPhase;
			buildActionMask = 2147483647;
			files = (
			);
			runOnlyForDeploymentPostprocessing = 0;
		};
/* End PBXResourcesBuildPhase section */

/* Begin PBXSourcesBuildPhase section */
		BD88C6041DA3AA8E00D2B7C4 /* Sources */ = {
			isa = PBXSourcesBuildPhase;
			buildActionMask = 2147483647;
			files = (
				BD88C64F1DA3AB2300D2B7C4 /* UIView+Init.swift in Sources */,
				BD88C64C1DA3AB1000D2B7C4 /* Person.swift in Sources */,
				BD88C60C1DA3AA8E00D2B7C4 /* AppDelegate.swift in Sources */,
				BD88C6441DA3AB0200D2B7C4 /* GreetingViewController.swift in Sources */,
				BD88C6421DA3AB0200D2B7C4 /* GreetingView.swift in Sources */,
				BD88C6461DA3AB0700D2B7C4 /* GreetingViewModel.swift in Sources */,
			);
			runOnlyForDeploymentPostprocessing = 0;
		};
		BD88C6181DA3AA8E00D2B7C4 /* Sources */ = {
			isa = PBXSourcesBuildPhase;
			buildActionMask = 2147483647;
			files = (
				BD88C6211DA3AA8E00D2B7C4 /* iOS_Swift_MVVMTests.swift in Sources */,
			);
			runOnlyForDeploymentPostprocessing = 0;
		};
		BD88C6231DA3AA8E00D2B7C4 /* Sources */ = {
			isa = PBXSourcesBuildPhase;
			buildActionMask = 2147483647;
			files = (
				BD88C62C1DA3AA8E00D2B7C4 /* iOS_Swift_MVVMUITests.swift in Sources */,
			);
			runOnlyForDeploymentPostprocessing = 0;
		};
/* End PBXSourcesBuildPhase section */

/* Begin PBXTargetDependency section */
		BD88C61E1DA3AA8E00D2B7C4 /* PBXTargetDependency */ = {
			isa = PBXTargetDependency;
			target = BD88C6071DA3AA8E00D2B7C4 /* iOS-Swift-MVVM */;
			targetProxy = BD88C61D1DA3AA8E00D2B7C4 /* PBXContainerItemProxy */;
		};
		BD88C6291DA3AA8E00D2B7C4 /* PBXTargetDependency */ = {
			isa = PBXTargetDependency;
			target = BD88C6071DA3AA8E00D2B7C4 /* iOS-Swift-MVVM */;
			targetProxy = BD88C6281DA3AA8E00D2B7C4 /* PBXContainerItemProxy */;
		};
/* End PBXTargetDependency section */

/* Begin PBXVariantGroup section */
		BD88C60F1DA3AA8E00D2B7C4 /* Main.storyboard */ = {
			isa = PBXVariantGroup;
			children = (
				BD88C6101DA3AA8E00D2B7C4 /* Base */,
			);
			name = Main.storyboard;
			sourceTree = "<group>";
		};
		BD88C6141DA3AA8E00D2B7C4 /* LaunchScreen.storyboard */ = {
			isa = PBXVariantGroup;
			children = (
				BD88C6151DA3AA8E00D2B7C4 /* Base */,
			);
			name = LaunchScreen.storyboard;
			sourceTree = "<group>";
		};
/* End PBXVariantGroup section */

/* Begin XCBuildConfiguration section */
		BD88C62E1DA3AA8E00D2B7C4 /* Debug */ = {
			isa = XCBuildConfiguration;
			buildSettings = {
				ALWAYS_SEARCH_USER_PATHS = NO;
				CLANG_ANALYZER_NONNULL = YES;
				CLANG_CXX_LANGUAGE_STANDARD = "gnu++0x";
				CLANG_CXX_LIBRARY = "libc++";
				CLANG_ENABLE_MODULES = YES;
				CLANG_ENABLE_OBJC_ARC = YES;
				CLANG_WARN_BOOL_CONVERSION = YES;
				CLANG_WARN_CONSTANT_CONVERSION = YES;
				CLANG_WARN_DIRECT_OBJC_ISA_USAGE = YES_ERROR;
				CLANG_WARN_DOCUMENTATION_COMMENTS = YES;
				CLANG_WARN_EMPTY_BODY = YES;
				CLANG_WARN_ENUM_CONVERSION = YES;
				CLANG_WARN_INFINITE_RECURSION = YES;
				CLANG_WARN_INT_CONVERSION = YES;
				CLANG_WARN_OBJC_ROOT_CLASS = YES_ERROR;
				CLANG_WARN_SUSPICIOUS_MOVES = YES;
				CLANG_WARN_UNREACHABLE_CODE = YES;
				CLANG_WARN__DUPLICATE_METHOD_MATCH = YES;
				"CODE_SIGN_IDENTITY[sdk=iphoneos*]" = "iPhone Developer";
				COPY_PHASE_STRIP = NO;
				DEBUG_INFORMATION_FORMAT = dwarf;
				ENABLE_STRICT_OBJC_MSGSEND = YES;
				ENABLE_TESTABILITY = YES;
				GCC_C_LANGUAGE_STANDARD = gnu99;
				GCC_DYNAMIC_NO_PIC = NO;
				GCC_NO_COMMON_BLOCKS = YES;
				GCC_OPTIMIZATION_LEVEL = 0;
				GCC_PREPROCESSOR_DEFINITIONS = (
					"DEBUG=1",
					"$(inherited)",
				);
				GCC_WARN_64_TO_32_BIT_CONVERSION = YES;
				GCC_WARN_ABOUT_RETURN_TYPE = YES_ERROR;
				GCC_WARN_UNDECLARED_SELECTOR = YES;
				GCC_WARN_UNINITIALIZED_AUTOS = YES_AGGRESSIVE;
				GCC_WARN_UNUSED_FUNCTION = YES;
				GCC_WARN_UNUSED_VARIABLE = YES;
				IPHONEOS_DEPLOYMENT_TARGET = 10.0;
				MTL_ENABLE_DEBUG_INFO = YES;
				ONLY_ACTIVE_ARCH = YES;
				SDKROOT = iphoneos;
				SWIFT_ACTIVE_COMPILATION_CONDITIONS = DEBUG;
				SWIFT_OPTIMIZATION_LEVEL = "-Onone";
				TARGETED_DEVICE_FAMILY = "1,2";
			};
			name = Debug;
		};
		BD88C62F1DA3AA8E00D2B7C4 /* Release */ = {
			isa = XCBuildConfiguration;
			buildSettings = {
				ALWAYS_SEARCH_USER_PATHS = NO;
				CLANG_ANALYZER_NONNULL = YES;
				CLANG_CXX_LANGUAGE_STANDARD = "gnu++0x";
				CLANG_CXX_LIBRARY = "libc++";
				CLANG_ENABLE_MODULES = YES;
				CLANG_ENABLE_OBJC_ARC = YES;
				CLANG_WARN_BOOL_CONVERSION = YES;
				CLANG_WARN_CONSTANT_CONVERSION = YES;
				CLANG_WARN_DIRECT_OBJC_ISA_USAGE = YES_ERROR;
				CLANG_WARN_DOCUMENTATION_COMMENTS = YES;
				CLANG_WARN_EMPTY_BODY = YES;
				CLANG_WARN_ENUM_CONVERSION = YES;
				CLANG_WARN_INFINITE_RECURSION = YES;
				CLANG_WARN_INT_CONVERSION = YES;
				CLANG_WARN_OBJC_ROOT_CLASS = YES_ERROR;
				CLANG_WARN_SUSPICIOUS_MOVES = YES;
				CLANG_WARN_UNREACHABLE_CODE = YES;
				CLANG_WARN__DUPLICATE_METHOD_MATCH = YES;
				"CODE_SIGN_IDENTITY[sdk=iphoneos*]" = "iPhone Developer";
				COPY_PHASE_STRIP = NO;
				DEBUG_INFORMATION_FORMAT = "dwarf-with-dsym";
				ENABLE_NS_ASSERTIONS = NO;
				ENABLE_STRICT_OBJC_MSGSEND = YES;
				GCC_C_LANGUAGE_STANDARD = gnu99;
				GCC_NO_COMMON_BLOCKS = YES;
				GCC_WARN_64_TO_32_BIT_CONVERSION = YES;
				GCC_WARN_ABOUT_RETURN_TYPE = YES_ERROR;
				GCC_WARN_UNDECLARED_SELECTOR = YES;
				GCC_WARN_UNINITIALIZED_AUTOS = YES_AGGRESSIVE;
				GCC_WARN_UNUSED_FUNCTION = YES;
				GCC_WARN_UNUSED_VARIABLE = YES;
				IPHONEOS_DEPLOYMENT_TARGET = 10.0;
				MTL_ENABLE_DEBUG_INFO = NO;
				SDKROOT = iphoneos;
				SWIFT_OPTIMIZATION_LEVEL = "-Owholemodule";
				TARGETED_DEVICE_FAMILY = "1,2";
				VALIDATE_PRODUCT = YES;
			};
			name = Release;
		};
		BD88C6311DA3AA8E00D2B7C4 /* Debug */ = {
			isa = XCBuildConfiguration;
			buildSettings = {
				ASSETCATALOG_COMPILER_APPICON_NAME = AppIcon;
				DEVELOPMENT_TEAM = 596UPQG9TU;
				INFOPLIST_FILE = "iOS-Swift-MVVM/Info.plist";
				LD_RUNPATH_SEARCH_PATHS = "$(inherited) @executable_path/Frameworks";
				PRODUCT_BUNDLE_IDENTIFIER = "com.LibleNiel.iOS-Swift-MVVM";
				PRODUCT_NAME = "$(TARGET_NAME)";
				SWIFT_VERSION = 3.0;
			};
			name = Debug;
		};
		BD88C6321DA3AA8E00D2B7C4 /* Release */ = {
			isa = XCBuildConfiguration;
			buildSettings = {
				ASSETCATALOG_COMPILER_APPICON_NAME = AppIcon;
				DEVELOPMENT_TEAM = 596UPQG9TU;
				INFOPLIST_FILE = "iOS-Swift-MVVM/Info.plist";
				LD_RUNPATH_SEARCH_PATHS = "$(inherited) @executable_path/Frameworks";
				PRODUCT_BUNDLE_IDENTIFIER = "com.LibleNiel.iOS-Swift-MVVM";
				PRODUCT_NAME = "$(TARGET_NAME)";
				SWIFT_VERSION = 3.0;
			};
			name = Release;
		};
		BD88C6341DA3AA8E00D2B7C4 /* Debug */ = {
			isa = XCBuildConfiguration;
			buildSettings = {
				ALWAYS_EMBED_SWIFT_STANDARD_LIBRARIES = YES;
				BUNDLE_LOADER = "$(TEST_HOST)";
				DEVELOPMENT_TEAM = 596UPQG9TU;
				INFOPLIST_FILE = "iOS-Swift-MVVMTests/Info.plist";
				LD_RUNPATH_SEARCH_PATHS = "$(inherited) @executable_path/Frameworks @loader_path/Frameworks";
				PRODUCT_BUNDLE_IDENTIFIER = "com.LibleNiel.iOS-Swift-MVVMTests";
				PRODUCT_NAME = "$(TARGET_NAME)";
				SWIFT_VERSION = 3.0;
				TEST_HOST = "$(BUILT_PRODUCTS_DIR)/iOS-Swift-MVVM.app/iOS-Swift-MVVM";
			};
			name = Debug;
		};
		BD88C6351DA3AA8E00D2B7C4 /* Release */ = {
			isa = XCBuildConfiguration;
			buildSettings = {
				ALWAYS_EMBED_SWIFT_STANDARD_LIBRARIES = YES;
				BUNDLE_LOADER = "$(TEST_HOST)";
				DEVELOPMENT_TEAM = 596UPQG9TU;
				INFOPLIST_FILE = "iOS-Swift-MVVMTests/Info.plist";
				LD_RUNPATH_SEARCH_PATHS = "$(inherited) @executable_path/Frameworks @loader_path/Frameworks";
				PRODUCT_BUNDLE_IDENTIFIER = "com.LibleNiel.iOS-Swift-MVVMTests";
				PRODUCT_NAME = "$(TARGET_NAME)";
				SWIFT_VERSION = 3.0;
				TEST_HOST = "$(BUILT_PRODUCTS_DIR)/iOS-Swift-MVVM.app/iOS-Swift-MVVM";
			};
			name = Release;
		};
		BD88C6371DA3AA8E00D2B7C4 /* Debug */ = {
			isa = XCBuildConfiguration;
			buildSettings = {
				ALWAYS_EMBED_SWIFT_STANDARD_LIBRARIES = YES;
				DEVELOPMENT_TEAM = 596UPQG9TU;
				INFOPLIST_FILE = "iOS-Swift-MVVMUITests/Info.plist";
				LD_RUNPATH_SEARCH_PATHS = "$(inherited) @executable_path/Frameworks @loader_path/Frameworks";
				PRODUCT_BUNDLE_IDENTIFIER = "com.LibleNiel.iOS-Swift-MVVMUITests";
				PRODUCT_NAME = "$(TARGET_NAME)";
				SWIFT_VERSION = 3.0;
				TEST_TARGET_NAME = "iOS-Swift-MVVM";
			};
			name = Debug;
		};
		BD88C6381DA3AA8E00D2B7C4 /* Release */ = {
			isa = XCBuildConfiguration;
			buildSettings = {
				ALWAYS_EMBED_SWIFT_STANDARD_LIBRARIES = YES;
				DEVELOPMENT_TEAM = 596UPQG9TU;
				INFOPLIST_FILE = "iOS-Swift-MVVMUITests/Info.plist";
				LD_RUNPATH_SEARCH_PATHS = "$(inherited) @executable_path/Frameworks @loader_path/Frameworks";
				PRODUCT_BUNDLE_IDENTIFIER = "com.LibleNiel.iOS-Swift-MVVMUITests";
				PRODUCT_NAME = "$(TARGET_NAME)";
				SWIFT_VERSION = 3.0;
				TEST_TARGET_NAME = "iOS-Swift-MVVM";
			};
			name = Release;
		};
/* End XCBuildConfiguration section */

/* Begin XCConfigurationList section */
		BD88C6031DA3AA8E00D2B7C4 /* Build configuration list for PBXProject "iOS-Swift-MVVM" */ = {
			isa = XCConfigurationList;
			buildConfigurations = (
				BD88C62E1DA3AA8E00D2B7C4 /* Debug */,
				BD88C62F1DA3AA8E00D2B7C4 /* Release */,
			);
			defaultConfigurationIsVisible = 0;
			defaultConfigurationName = Release;
		};
		BD88C6301DA3AA8E00D2B7C4 /* Build configuration list for PBXNativeTarget "iOS-Swift-MVVM" */ = {
			isa = XCConfigurationList;
			buildConfigurations = (
				BD88C6311DA3AA8E00D2B7C4 /* Debug */,
				BD88C6321DA3AA8E00D2B7C4 /* Release */,
			);
			defaultConfigurationIsVisible = 0;
			defaultConfigurationName = Release;
		};
		BD88C6331DA3AA8E00D2B7C4 /* Build configuration list for PBXNativeTarget "iOS-Swift-MVVMTests" */ = {
			isa = XCConfigurationList;
			buildConfigurations = (
				BD88C6341DA3AA8E00D2B7C4 /* Debug */,
				BD88C6351DA3AA8E00D2B7C4 /* Release */,
			);
			defaultConfigurationIsVisible = 0;
			defaultConfigurationName = Release;
		};
		BD88C6361DA3AA8E00D2B7C4 /* Build configuration list for PBXNativeTarget "iOS-Swift-MVVMUITests" */ = {
			isa = XCConfigurationList;
			buildConfigurations = (
				BD88C6371DA3AA8E00D2B7C4 /* Debug */,
				BD88C6381DA3AA8E00D2B7C4 /* Release */,
			);
			defaultConfigurationIsVisible = 0;
			defaultConfigurationName = Release;
		};
/* End XCConfigurationList section */
	};
	rootObject = BD88C6001DA3AA8E00D2B7C4 /* Project object */;
}
